
Microsoft Visual Studio Solution File, Format Version 12.00
# Visual Studio 14
VisualStudioVersion = 14.0.24720.0
MinimumVisualStudioVersion = 10.0.40219.1
Project("{FAE04EC0-301F-11D3-BF4B-00C04F79EFBC}") = "Problem250", "Problem250\Problem250.csproj", "{3E5A293F-20DB-4127-9D39-51727D873075}"
EndProject
Project("{FAE04EC0-301F-11D3-BF4B-00C04F79EFBC}") = "Test", "Test\Test.csproj", "{737FDBC6-AE4B-48ED-908D-89BBC9C374AD}"
EndProject
Global
	GlobalSection(SolutionConfigurationPlatforms) = preSolution
		Debug|Any CPU = Debug|Any CPU
		Release|Any CPU = Release|Any CPU
	EndGlobalSection
	GlobalSection(ProjectConfigurationPlatforms) = postSolution
		{3E5A293F-20DB-4127-9D39-51727D873075}.Debug|Any CPU.ActiveCfg = Debug|Any CPU
		{3E5A293F-20DB-4127-9D39-51727D873075}.Debug|Any CPU.Build.0 = Debug|Any CPU
		{3E5A293F-20DB-4127-9D39-51727D873075}.Release|Any CPU.ActiveCfg = Release|Any CPU
		{3E5A293F-20DB-4127-9D39-51727D873075}.Release|Any CPU.Build.0 = Release|Any CPU
		{737FDBC6-AE4B-48ED-908D-89BBC9C374AD}.Debug|Any CPU.ActiveCfg = Debug|Any CPU
		{737FDBC6-AE4B-48ED-908D-89BBC9C374AD}.Debug|Any CPU.Build.0 = Debug|Any CPU
		{737FDBC6-AE4B-48ED-908D-89BBC9C374AD}.Release|Any CPU.ActiveCfg = Release|Any CPU
		{737FDBC6-AE4B-48ED-908D-89BBC9C374AD}.Release|Any CPU.Build.0 = Release|Any CPU
	EndGlobalSection
	GlobalSection(SolutionProperties) = preSolution
		HideSolutionNode = FALSE
	EndGlobalSection
EndGlobal
